
Microsoft Visual Studio Solution File, Format Version 12.00
# Visual Studio 2013
VisualStudioVersion = 12.0.21005.1
MinimumVisualStudioVersion = 10.0.40219.1
Project("{FAE04EC0-301F-11D3-BF4B-00C04F79EFBC}") = "ANTIL.Client", "ANTIL.Client\ANTIL.Client.csproj", "{ECD06ABF-92FB-415E-A7AF-11D255121F24}"
EndProject
Project("{FAE04EC0-301F-11D3-BF4B-00C04F79EFBC}") = "ANTIL.Domain", "ANTIL.Domain\ANTIL.Domain.csproj", "{8CC33349-1019-48A5-B45C-3C03E19696E0}"
EndProject
Project("{FAE04EC0-301F-11D3-BF4B-00C04F79EFBC}") = "ANTIL.Server", "ANTIL.Server\ANTIL.Server.csproj", "{39D724E9-8D09-4827-B07F-01C0BF6B087A}"
EndProject
Project("{FAE04EC0-301F-11D3-BF4B-00C04F79EFBC}") = "CommandHandler", "CommandHandler\CommandHandler.csproj", "{85CEECB6-F41A-4E6E-834E-5C5E02313375}"
EndProject
Project("{FAE04EC0-301F-11D3-BF4B-00C04F79EFBC}") = "ANTIL.Domain.Core", "ANTIL.Domain.Core\ANTIL.Domain.Core.csproj", "{E342E8D9-0EA0-43A7-8C3F-110BCEB7DBAC}"
EndProject
Project("{FAE04EC0-301F-11D3-BF4B-00C04F79EFBC}") = "HttpCommandHandler", "HttpCommandHandler\HttpCommandHandler.csproj", "{465FCEE7-A0B7-437C-9F7C-77A69C40113C}"
EndProject
Project("{00D1A9C2-B5F0-4AF3-8072-F6C62B433612}") = "ANTIL.db", "ANTIL.db\ANTIL.db\ANTIL.db.sqlproj", "{3C11553C-1D16-4FA4-A889-90C6591AF3CD}"
EndProject
Global
	GlobalSection(SolutionConfigurationPlatforms) = preSolution
		Debug|Any CPU = Debug|Any CPU
		Release|Any CPU = Release|Any CPU
	EndGlobalSection
	GlobalSection(ProjectConfigurationPlatforms) = postSolution
		{ECD06ABF-92FB-415E-A7AF-11D255121F24}.Debug|Any CPU.ActiveCfg = Debug|Any CPU
		{ECD06ABF-92FB-415E-A7AF-11D255121F24}.Debug|Any CPU.Build.0 = Debug|Any CPU
		{ECD06ABF-92FB-415E-A7AF-11D255121F24}.Release|Any CPU.ActiveCfg = Release|Any CPU
		{ECD06ABF-92FB-415E-A7AF-11D255121F24}.Release|Any CPU.Build.0 = Release|Any CPU
		{8CC33349-1019-48A5-B45C-3C03E19696E0}.Debug|Any CPU.ActiveCfg = Debug|Any CPU
		{8CC33349-1019-48A5-B45C-3C03E19696E0}.Debug|Any CPU.Build.0 = Debug|Any CPU
		{8CC33349-1019-48A5-B45C-3C03E19696E0}.Release|Any CPU.ActiveCfg = Release|Any CPU
		{8CC33349-1019-48A5-B45C-3C03E19696E0}.Release|Any CPU.Build.0 = Release|Any CPU
		{39D724E9-8D09-4827-B07F-01C0BF6B087A}.Debug|Any CPU.ActiveCfg = Debug|Any CPU
		{39D724E9-8D09-4827-B07F-01C0BF6B087A}.Debug|Any CPU.Build.0 = Debug|Any CPU
		{39D724E9-8D09-4827-B07F-01C0BF6B087A}.Release|Any CPU.ActiveCfg = Release|Any CPU
		{39D724E9-8D09-4827-B07F-01C0BF6B087A}.Release|Any CPU.Build.0 = Release|Any CPU
		{85CEECB6-F41A-4E6E-834E-5C5E02313375}.Debug|Any CPU.ActiveCfg = Debug|Any CPU
		{85CEECB6-F41A-4E6E-834E-5C5E02313375}.Debug|Any CPU.Build.0 = Debug|Any CPU
		{85CEECB6-F41A-4E6E-834E-5C5E02313375}.Release|Any CPU.ActiveCfg = Release|Any CPU
		{85CEECB6-F41A-4E6E-834E-5C5E02313375}.Release|Any CPU.Build.0 = Release|Any CPU
		{E342E8D9-0EA0-43A7-8C3F-110BCEB7DBAC}.Debug|Any CPU.ActiveCfg = Debug|Any CPU
		{E342E8D9-0EA0-43A7-8C3F-110BCEB7DBAC}.Debug|Any CPU.Build.0 = Debug|Any CPU
		{E342E8D9-0EA0-43A7-8C3F-110BCEB7DBAC}.Release|Any CPU.ActiveCfg = Release|Any CPU
		{E342E8D9-0EA0-43A7-8C3F-110BCEB7DBAC}.Release|Any CPU.Build.0 = Release|Any CPU
		{465FCEE7-A0B7-437C-9F7C-77A69C40113C}.Debug|Any CPU.ActiveCfg = Debug|Any CPU
		{465FCEE7-A0B7-437C-9F7C-77A69C40113C}.Debug|Any CPU.Build.0 = Debug|Any CPU
		{465FCEE7-A0B7-437C-9F7C-77A69C40113C}.Release|Any CPU.ActiveCfg = Release|Any CPU
		{465FCEE7-A0B7-437C-9F7C-77A69C40113C}.Release|Any CPU.Build.0 = Release|Any CPU
		{3C11553C-1D16-4FA4-A889-90C6591AF3CD}.Debug|Any CPU.ActiveCfg = Debug|Any CPU
		{3C11553C-1D16-4FA4-A889-90C6591AF3CD}.Debug|Any CPU.Build.0 = Debug|Any CPU
		{3C11553C-1D16-4FA4-A889-90C6591AF3CD}.Debug|Any CPU.Deploy.0 = Debug|Any CPU
		{3C11553C-1D16-4FA4-A889-90C6591AF3CD}.Release|Any CPU.ActiveCfg = Release|Any CPU
		{3C11553C-1D16-4FA4-A889-90C6591AF3CD}.Release|Any CPU.Build.0 = Release|Any CPU
		{3C11553C-1D16-4FA4-A889-90C6591AF3CD}.Release|Any CPU.Deploy.0 = Release|Any CPU
	EndGlobalSection
	GlobalSection(SolutionProperties) = preSolution
		HideSolutionNode = FALSE
	EndGlobalSection
EndGlobal
